
Microsoft Visual Studio Solution File, Format Version 12.00
# Visual Studio Version 17
VisualStudioVersion = 17.6.33712.159
MinimumVisualStudioVersion = 10.0.40219.1
Project("{9A19103F-16F7-4668-BE54-9A1E7A4F7556}") = "RavenAPI", "RavenAPI\RavenAPI.csproj", "{BA11C331-517D-4779-B7A8-234EFB52B45F}"
	ProjectSection(ProjectDependencies) = postProject
		{B629F1C8-D79F-49FA-A761-04D779D683F6} = {B629F1C8-D79F-49FA-A761-04D779D683F6}
		{DE445275-2D66-48DB-8316-78ADDA682E9F} = {DE445275-2D66-48DB-8316-78ADDA682E9F}
	EndProjectSection
EndProject
Project("{9A19103F-16F7-4668-BE54-9A1E7A4F7556}") = "RavenBAL", "RavenBAL\RavenBAL.csproj", "{DE445275-2D66-48DB-8316-78ADDA682E9F}"
EndProject
Project("{9A19103F-16F7-4668-BE54-9A1E7A4F7556}") = "RavenDAL", "RavenDAL\RavenDAL.csproj", "{B629F1C8-D79F-49FA-A761-04D779D683F6}"
EndProject
Project("{9A19103F-16F7-4668-BE54-9A1E7A4F7556}") = "RavenBAL.Tests", "RavenBALTests\RavenBAL.Tests.csproj", "{2CCA3BD3-BEC5-4EC0-8E12-7C01284BFBB2}"
EndProject
Project("{FAE04EC0-301F-11D3-BF4B-00C04F79EFBC}") = "RavenDAL.Tests", "RavenDAL.Tests\RavenDAL.Tests.csproj", "{4AB55DC0-9861-4D74-9CD3-7308871ADA1D}"
EndProject
Project("{FAE04EC0-301F-11D3-BF4B-00C04F79EFBC}") = "RavenAPI.Tests", "RavenAPI.Tests\RavenAPI.Tests.csproj", "{871A9D8A-6E10-4BD3-8BCB-604750103B94}"
EndProject
Global
	GlobalSection(SolutionConfigurationPlatforms) = preSolution
		Debug|Any CPU = Debug|Any CPU
		Release|Any CPU = Release|Any CPU
	EndGlobalSection
	GlobalSection(ProjectConfigurationPlatforms) = postSolution
		{BA11C331-517D-4779-B7A8-234EFB52B45F}.Debug|Any CPU.ActiveCfg = Debug|Any CPU
		{BA11C331-517D-4779-B7A8-234EFB52B45F}.Debug|Any CPU.Build.0 = Debug|Any CPU
		{BA11C331-517D-4779-B7A8-234EFB52B45F}.Release|Any CPU.ActiveCfg = Release|Any CPU
		{BA11C331-517D-4779-B7A8-234EFB52B45F}.Release|Any CPU.Build.0 = Release|Any CPU
		{DE445275-2D66-48DB-8316-78ADDA682E9F}.Debug|Any CPU.ActiveCfg = Debug|Any CPU
		{DE445275-2D66-48DB-8316-78ADDA682E9F}.Debug|Any CPU.Build.0 = Debug|Any CPU
		{DE445275-2D66-48DB-8316-78ADDA682E9F}.Release|Any CPU.ActiveCfg = Release|Any CPU
		{DE445275-2D66-48DB-8316-78ADDA682E9F}.Release|Any CPU.Build.0 = Release|Any CPU
		{B629F1C8-D79F-49FA-A761-04D779D683F6}.Debug|Any CPU.ActiveCfg = Debug|Any CPU
		{B629F1C8-D79F-49FA-A761-04D779D683F6}.Debug|Any CPU.Build.0 = Debug|Any CPU
		{B629F1C8-D79F-49FA-A761-04D779D683F6}.Release|Any CPU.ActiveCfg = Release|Any CPU
		{B629F1C8-D79F-49FA-A761-04D779D683F6}.Release|Any CPU.Build.0 = Release|Any CPU
		{2CCA3BD3-BEC5-4EC0-8E12-7C01284BFBB2}.Debug|Any CPU.ActiveCfg = Debug|Any CPU
		{2CCA3BD3-BEC5-4EC0-8E12-7C01284BFBB2}.Debug|Any CPU.Build.0 = Debug|Any CPU
		{2CCA3BD3-BEC5-4EC0-8E12-7C01284BFBB2}.Release|Any CPU.ActiveCfg = Release|Any CPU
		{2CCA3BD3-BEC5-4EC0-8E12-7C01284BFBB2}.Release|Any CPU.Build.0 = Release|Any CPU
		{4AB55DC0-9861-4D74-9CD3-7308871ADA1D}.Debug|Any CPU.ActiveCfg = Debug|Any CPU
		{4AB55DC0-9861-4D74-9CD3-7308871ADA1D}.Debug|Any CPU.Build.0 = Debug|Any CPU
		{4AB55DC0-9861-4D74-9CD3-7308871ADA1D}.Release|Any CPU.ActiveCfg = Release|Any CPU
		{4AB55DC0-9861-4D74-9CD3-7308871ADA1D}.Release|Any CPU.Build.0 = Release|Any CPU
		{871A9D8A-6E10-4BD3-8BCB-604750103B94}.Debug|Any CPU.ActiveCfg = Debug|Any CPU
		{871A9D8A-6E10-4BD3-8BCB-604750103B94}.Debug|Any CPU.Build.0 = Debug|Any CPU
		{871A9D8A-6E10-4BD3-8BCB-604750103B94}.Release|Any CPU.ActiveCfg = Release|Any CPU
		{871A9D8A-6E10-4BD3-8BCB-604750103B94}.Release|Any CPU.Build.0 = Release|Any CPU
	EndGlobalSection
	GlobalSection(SolutionProperties) = preSolution
		HideSolutionNode = FALSE
	EndGlobalSection
	GlobalSection(ExtensibilityGlobals) = postSolution
		SolutionGuid = {3E7105E5-3C5D-4D86-8555-B285537B797A}
	EndGlobalSection
EndGlobal
