
Microsoft Visual Studio Solution File, Format Version 12.00
# Visual Studio Version 17
VisualStudioVersion = 17.6.33712.159
MinimumVisualStudioVersion = 10.0.40219.1
Project("{9A19103F-16F7-4668-BE54-9A1E7A4F7556}") = "RavenAPI", "RavenAPI\RavenAPI.csproj", "{BA11C331-517D-4779-B7A8-234EFB52B45F}"
	ProjectSection(ProjectDependencies) = postProject
		{B629F1C8-D79F-49FA-A761-04D779D683F6} = {B629F1C8-D79F-49FA-A761-04D779D683F6}
		{DE445275-2D66-48DB-8316-78ADDA682E9F} = {DE445275-2D66-48DB-8316-78ADDA682E9F}
	EndProjectSection
EndProject
Project("{9A19103F-16F7-4668-BE54-9A1E7A4F7556}") = "Service", "RavenBAL\Service.csproj", "{DE445275-2D66-48DB-8316-78ADDA682E9F}"
	ProjectSection(ProjectDependencies) = postProject
		{48E57E76-2386-4D13-93BC-1F56120BB6AE} = {48E57E76-2386-4D13-93BC-1F56120BB6AE}
		{C6901512-B79A-4694-A996-2B435B15FA98} = {C6901512-B79A-4694-A996-2B435B15FA98}
		{D26383A9-216D-479F-9EAA-B3384C323D78} = {D26383A9-216D-479F-9EAA-B3384C323D78}
	EndProjectSection
EndProject
Project("{9A19103F-16F7-4668-BE54-9A1E7A4F7556}") = "RavenDB", "RavenDAL\RavenDB.csproj", "{B629F1C8-D79F-49FA-A761-04D779D683F6}"
EndProject
Project("{9A19103F-16F7-4668-BE54-9A1E7A4F7556}") = "Contracts", "Contracts\Contracts.csproj", "{C6901512-B79A-4694-A996-2B435B15FA98}"
EndProject
Project("{9A19103F-16F7-4668-BE54-9A1E7A4F7556}") = "LoggerService", "LoggerService\LoggerService.csproj", "{48E57E76-2386-4D13-93BC-1F56120BB6AE}"
EndProject
Project("{9A19103F-16F7-4668-BE54-9A1E7A4F7556}") = "Repository", "Repository\Repository.csproj", "{D26383A9-216D-479F-9EAA-B3384C323D78}"
EndProject
Project("{9A19103F-16F7-4668-BE54-9A1E7A4F7556}") = "Service.Tests", "RavenBAL.Tests\Service.Tests.csproj", "{A7AD28F8-4040-4F96-985B-D783D1876507}"
EndProject
Project("{9A19103F-16F7-4668-BE54-9A1E7A4F7556}") = "Service.Contracts", "Service.Contracts\Service.Contracts.csproj", "{67E516C5-F2FC-49F9-A51C-8A3120F6CDD8}"
EndProject
Project("{FAE04EC0-301F-11D3-BF4B-00C04F79EFBC}") = "Presentation", "Presentation\Presentation.csproj", "{B1F2EBD5-58B2-4ADC-A601-C46309F0DA3F}"
EndProject
Global
	GlobalSection(SolutionConfigurationPlatforms) = preSolution
		Debug|Any CPU = Debug|Any CPU
		Release|Any CPU = Release|Any CPU
	EndGlobalSection
	GlobalSection(ProjectConfigurationPlatforms) = postSolution
		{BA11C331-517D-4779-B7A8-234EFB52B45F}.Debug|Any CPU.ActiveCfg = Debug|Any CPU
		{BA11C331-517D-4779-B7A8-234EFB52B45F}.Debug|Any CPU.Build.0 = Debug|Any CPU
		{BA11C331-517D-4779-B7A8-234EFB52B45F}.Release|Any CPU.ActiveCfg = Release|Any CPU
		{BA11C331-517D-4779-B7A8-234EFB52B45F}.Release|Any CPU.Build.0 = Release|Any CPU
		{DE445275-2D66-48DB-8316-78ADDA682E9F}.Debug|Any CPU.ActiveCfg = Debug|Any CPU
		{DE445275-2D66-48DB-8316-78ADDA682E9F}.Debug|Any CPU.Build.0 = Debug|Any CPU
		{DE445275-2D66-48DB-8316-78ADDA682E9F}.Release|Any CPU.ActiveCfg = Release|Any CPU
		{DE445275-2D66-48DB-8316-78ADDA682E9F}.Release|Any CPU.Build.0 = Release|Any CPU
		{B629F1C8-D79F-49FA-A761-04D779D683F6}.Debug|Any CPU.ActiveCfg = Debug|Any CPU
		{B629F1C8-D79F-49FA-A761-04D779D683F6}.Debug|Any CPU.Build.0 = Debug|Any CPU
		{B629F1C8-D79F-49FA-A761-04D779D683F6}.Release|Any CPU.ActiveCfg = Release|Any CPU
		{B629F1C8-D79F-49FA-A761-04D779D683F6}.Release|Any CPU.Build.0 = Release|Any CPU
		{C6901512-B79A-4694-A996-2B435B15FA98}.Debug|Any CPU.ActiveCfg = Debug|Any CPU
		{C6901512-B79A-4694-A996-2B435B15FA98}.Debug|Any CPU.Build.0 = Debug|Any CPU
		{C6901512-B79A-4694-A996-2B435B15FA98}.Release|Any CPU.ActiveCfg = Release|Any CPU
		{C6901512-B79A-4694-A996-2B435B15FA98}.Release|Any CPU.Build.0 = Release|Any CPU
		{48E57E76-2386-4D13-93BC-1F56120BB6AE}.Debug|Any CPU.ActiveCfg = Debug|Any CPU
		{48E57E76-2386-4D13-93BC-1F56120BB6AE}.Debug|Any CPU.Build.0 = Debug|Any CPU
		{48E57E76-2386-4D13-93BC-1F56120BB6AE}.Release|Any CPU.ActiveCfg = Release|Any CPU
		{48E57E76-2386-4D13-93BC-1F56120BB6AE}.Release|Any CPU.Build.0 = Release|Any CPU
		{D26383A9-216D-479F-9EAA-B3384C323D78}.Debug|Any CPU.ActiveCfg = Debug|Any CPU
		{D26383A9-216D-479F-9EAA-B3384C323D78}.Debug|Any CPU.Build.0 = Debug|Any CPU
		{D26383A9-216D-479F-9EAA-B3384C323D78}.Release|Any CPU.ActiveCfg = Release|Any CPU
		{D26383A9-216D-479F-9EAA-B3384C323D78}.Release|Any CPU.Build.0 = Release|Any CPU
		{A7AD28F8-4040-4F96-985B-D783D1876507}.Debug|Any CPU.ActiveCfg = Debug|Any CPU
		{A7AD28F8-4040-4F96-985B-D783D1876507}.Debug|Any CPU.Build.0 = Debug|Any CPU
		{A7AD28F8-4040-4F96-985B-D783D1876507}.Release|Any CPU.ActiveCfg = Release|Any CPU
		{A7AD28F8-4040-4F96-985B-D783D1876507}.Release|Any CPU.Build.0 = Release|Any CPU
		{67E516C5-F2FC-49F9-A51C-8A3120F6CDD8}.Debug|Any CPU.ActiveCfg = Debug|Any CPU
		{67E516C5-F2FC-49F9-A51C-8A3120F6CDD8}.Debug|Any CPU.Build.0 = Debug|Any CPU
		{67E516C5-F2FC-49F9-A51C-8A3120F6CDD8}.Release|Any CPU.ActiveCfg = Release|Any CPU
		{67E516C5-F2FC-49F9-A51C-8A3120F6CDD8}.Release|Any CPU.Build.0 = Release|Any CPU
		{B1F2EBD5-58B2-4ADC-A601-C46309F0DA3F}.Debug|Any CPU.ActiveCfg = Debug|Any CPU
		{B1F2EBD5-58B2-4ADC-A601-C46309F0DA3F}.Debug|Any CPU.Build.0 = Debug|Any CPU
		{B1F2EBD5-58B2-4ADC-A601-C46309F0DA3F}.Release|Any CPU.ActiveCfg = Release|Any CPU
		{B1F2EBD5-58B2-4ADC-A601-C46309F0DA3F}.Release|Any CPU.Build.0 = Release|Any CPU
	EndGlobalSection
	GlobalSection(SolutionProperties) = preSolution
		HideSolutionNode = FALSE
	EndGlobalSection
	GlobalSection(ExtensibilityGlobals) = postSolution
		SolutionGuid = {3E7105E5-3C5D-4D86-8555-B285537B797A}
	EndGlobalSection
EndGlobal
